
Microsoft Visual Studio Solution File, Format Version 12.00
# Visual Studio 15
VisualStudioVersion = 15.0.27004.2008
MinimumVisualStudioVersion = 10.0.40219.1
Project("{FAE04EC0-301F-11D3-BF4B-00C04F79EFBC}") = "ShipSystems", "ShipSystems\ShipSystems.csproj", "{8A29987F-B725-47B3-AE8B-B2CE07F5498E}"
EndProject
Global
	GlobalSection(SolutionConfigurationPlatforms) = preSolution
		Debug|Any CPU = Debug|Any CPU
		Release|Any CPU = Release|Any CPU
	EndGlobalSection
	GlobalSection(ProjectConfigurationPlatforms) = postSolution
		{8A29987F-B725-47B3-AE8B-B2CE07F5498E}.Debug|Any CPU.ActiveCfg = Debug|Any CPU
		{8A29987F-B725-47B3-AE8B-B2CE07F5498E}.Debug|Any CPU.Build.0 = Debug|Any CPU
		{8A29987F-B725-47B3-AE8B-B2CE07F5498E}.Release|Any CPU.ActiveCfg = Release|Any CPU
		{8A29987F-B725-47B3-AE8B-B2CE07F5498E}.Release|Any CPU.Build.0 = Release|Any CPU
	EndGlobalSection
	GlobalSection(SolutionProperties) = preSolution
		HideSolutionNode = FALSE
	EndGlobalSection
	GlobalSection(ExtensibilityGlobals) = postSolution
		SolutionGuid = {DE9C396D-5E1B-4B68-8982-645FD67BE519}
	EndGlobalSection
EndGlobal
